<?xml version="1.0" encoding="utf-8"?>
<Project ToolsVersion="4.0" xmlns="http://schemas.microsoft.com/developer/msbuild/2003">
  <ItemGroup>
    <Filter Include="源文件">
      <UniqueIdentifier>{4FC737F1-C7A5-4376-A066-2A32D752A2FF}</UniqueIdentifier>
      <Extensions>cpp;c;cc;cxx;def;odl;idl;hpj;bat;asm;asmx</Extensions>
    </Filter>
    <Filter Include="头文件">
      <UniqueIdentifier>{93995380-89BD-4b04-88EB-625FBE52EBFB}</UniqueIdentifier>
      <Extensions>h;hpp;hxx;hm;inl;inc;xsd</Extensions>
    </Filter>
    <Filter Include="资源文件">
      <UniqueIdentifier>{67DA6AB6-F800-4c08-8B7A-83BB121AAD01}</UniqueIdentifier>
      <Extensions>rc;ico;cur;bmp;dlg;rc2;rct;bin;rgs;gif;jpg;jpeg;jpe;resx;tiff;tif;png;wav;mfcribbon-ms</Extensions>
    </Filter>
    <Filter Include="Source">
      <UniqueIdentifier>{ba5af20c-d7e6-4100-b39a-0a8941e7ca8b}</UniqueIdentifier>
    </Filter>
    <Filter Include="Table">
      <UniqueIdentifier>{de53b8ec-5c9f-4a89-9676-42106ee8ed0e}</UniqueIdentifier>
    </Filter>
  </ItemGroup>
  <ItemGroup>
    <None Include="ReadMe.txt" />
    <None Include="DataService.def">
      <Filter>源文件</Filter>
    </None>
    <None Include="res\DataService.rc2">
      <Filter>资源文件</Filter>
    </None>
  </ItemGroup>
  <ItemGroup>
    <ClCompile Include="DataService.cpp">
      <Filter>源文件</Filter>
    </ClCompile>
    <ClCompile Include="dllmain.cpp">
      <Filter>源文件</Filter>
    </ClCompile>
    <ClCompile Include="stdafx.cpp">
      <Filter>源文件</Filter>
    </ClCompile>
    <ClCompile Include="Source\ConnectManager.cpp">
      <Filter>Source</Filter>
    </ClCompile>
    <ClCompile Include="Source\Toolkit.cpp">
      <Filter>Source</Filter>
    </ClCompile>
    <ClCompile Include="Table\AccessDrawIndexTable.cpp">
      <Filter>Table</Filter>
    </ClCompile>
    <ClCompile Include="Table\AccessTable.cpp">
      <Filter>Table</Filter>
    </ClCompile>
  </ItemGroup>
  <ItemGroup>
    <ClInclude Include="stdafx.h">
      <Filter>头文件</Filter>
    </ClInclude>
    <ClInclude Include="targetver.h">
      <Filter>头文件</Filter>
    </ClInclude>
    <ClInclude Include="Resource.h">
      <Filter>头文件</Filter>
    </ClInclude>
    <ClInclude Include="Source\ConnectManager.h">
      <Filter>Source</Filter>
    </ClInclude>
    <ClInclude Include="Source\DataBaseAndTableName.h">
      <Filter>Source</Filter>
    </ClInclude>
    <ClInclude Include="Source\DataService_Common.h">
      <Filter>Source</Filter>
    </ClInclude>
    <ClInclude Include="DataServiceH.h">
      <Filter>头文件</Filter>
    </ClInclude>
    <ClInclude Include="Source\Toolkit.h">
      <Filter>Source</Filter>
    </ClInclude>
    <ClInclude Include="Table\AccessDrawIndexTable.h">
      <Filter>Table</Filter>
    </ClInclude>
    <ClInclude Include="Table\AccessTable.h">
      <Filter>Table</Filter>
    </ClInclude>
  </ItemGroup>
  <ItemGroup>
    <ResourceCompile Include="DataService.rc">
      <Filter>资源文件</Filter>
    </ResourceCompile>
  </ItemGroup>
</Project>